
Microsoft Visual Studio Solution File, Format Version 12.00
# Visual Studio Version 16
VisualStudioVersion = 25.0.1706.0
MinimumVisualStudioVersion = 10.0.40219.1
Project("{FAE04EC0-301F-11D3-BF4B-00C04F79EFBC}") = "ShopWiseGrocer.Android", "ShopWiseGrocer\ShopWiseGrocer.Android\ShopWiseGrocer.Android.csproj", "{49A015BA-F9C8-4205-9928-68326297B6F0}"
EndProject
Project("{FAE04EC0-301F-11D3-BF4B-00C04F79EFBC}") = "ShopWiseGrocer.iOS", "ShopWiseGrocer\ShopWiseGrocer.iOS\ShopWiseGrocer.iOS.csproj", "{B5D1EE67-F2B3-4135-A7BB-689E08072926}"
EndProject
Project("{FAE04EC0-301F-11D3-BF4B-00C04F79EFBC}") = "ShopWiseGrocer", "ShopWiseGrocer\ShopWiseGrocer\ShopWiseGrocer.csproj", "{D1AD2EFF-3FF4-4F7C-B7CB-CA966CF2F73D}"
EndProject
Global
	GlobalSection(SolutionConfigurationPlatforms) = preSolution
		Debug|Any CPU = Debug|Any CPU
		Release|Any CPU = Release|Any CPU
		Debug|iPhoneSimulator = Debug|iPhoneSimulator
		Release|iPhoneSimulator = Release|iPhoneSimulator
		Debug|iPhone = Debug|iPhone
		Release|iPhone = Release|iPhone
	EndGlobalSection
	GlobalSection(ProjectConfigurationPlatforms) = postSolution
		{49A015BA-F9C8-4205-9928-68326297B6F0}.Debug|Any CPU.ActiveCfg = Debug|Any CPU
		{49A015BA-F9C8-4205-9928-68326297B6F0}.Debug|Any CPU.Build.0 = Debug|Any CPU
		{49A015BA-F9C8-4205-9928-68326297B6F0}.Release|Any CPU.ActiveCfg = Release|Any CPU
		{49A015BA-F9C8-4205-9928-68326297B6F0}.Release|Any CPU.Build.0 = Release|Any CPU
		{49A015BA-F9C8-4205-9928-68326297B6F0}.Debug|iPhoneSimulator.ActiveCfg = Debug|Any CPU
		{49A015BA-F9C8-4205-9928-68326297B6F0}.Debug|iPhoneSimulator.Build.0 = Debug|Any CPU
		{49A015BA-F9C8-4205-9928-68326297B6F0}.Release|iPhoneSimulator.ActiveCfg = Release|Any CPU
		{49A015BA-F9C8-4205-9928-68326297B6F0}.Release|iPhoneSimulator.Build.0 = Release|Any CPU
		{49A015BA-F9C8-4205-9928-68326297B6F0}.Debug|iPhone.ActiveCfg = Debug|Any CPU
		{49A015BA-F9C8-4205-9928-68326297B6F0}.Debug|iPhone.Build.0 = Debug|Any CPU
		{49A015BA-F9C8-4205-9928-68326297B6F0}.Release|iPhone.ActiveCfg = Release|Any CPU
		{49A015BA-F9C8-4205-9928-68326297B6F0}.Release|iPhone.Build.0 = Release|Any CPU
		{B5D1EE67-F2B3-4135-A7BB-689E08072926}.Debug|Any CPU.ActiveCfg = Debug|iPhoneSimulator
		{B5D1EE67-F2B3-4135-A7BB-689E08072926}.Debug|Any CPU.Build.0 = Debug|iPhoneSimulator
		{B5D1EE67-F2B3-4135-A7BB-689E08072926}.Release|Any CPU.ActiveCfg = Release|iPhoneSimulator
		{B5D1EE67-F2B3-4135-A7BB-689E08072926}.Release|Any CPU.Build.0 = Release|iPhoneSimulator
		{B5D1EE67-F2B3-4135-A7BB-689E08072926}.Debug|iPhoneSimulator.ActiveCfg = Debug|iPhoneSimulator
		{B5D1EE67-F2B3-4135-A7BB-689E08072926}.Debug|iPhoneSimulator.Build.0 = Debug|iPhoneSimulator
		{B5D1EE67-F2B3-4135-A7BB-689E08072926}.Release|iPhoneSimulator.ActiveCfg = Release|iPhoneSimulator
		{B5D1EE67-F2B3-4135-A7BB-689E08072926}.Release|iPhoneSimulator.Build.0 = Release|iPhoneSimulator
		{B5D1EE67-F2B3-4135-A7BB-689E08072926}.Debug|iPhone.ActiveCfg = Debug|iPhone
		{B5D1EE67-F2B3-4135-A7BB-689E08072926}.Debug|iPhone.Build.0 = Debug|iPhone
		{B5D1EE67-F2B3-4135-A7BB-689E08072926}.Release|iPhone.ActiveCfg = Release|iPhone
		{B5D1EE67-F2B3-4135-A7BB-689E08072926}.Release|iPhone.Build.0 = Release|iPhone
		{D1AD2EFF-3FF4-4F7C-B7CB-CA966CF2F73D}.Debug|Any CPU.ActiveCfg = Debug|Any CPU
		{D1AD2EFF-3FF4-4F7C-B7CB-CA966CF2F73D}.Debug|Any CPU.Build.0 = Debug|Any CPU
		{D1AD2EFF-3FF4-4F7C-B7CB-CA966CF2F73D}.Release|Any CPU.ActiveCfg = Release|Any CPU
		{D1AD2EFF-3FF4-4F7C-B7CB-CA966CF2F73D}.Release|Any CPU.Build.0 = Release|Any CPU
		{D1AD2EFF-3FF4-4F7C-B7CB-CA966CF2F73D}.Debug|iPhoneSimulator.ActiveCfg = Debug|Any CPU
		{D1AD2EFF-3FF4-4F7C-B7CB-CA966CF2F73D}.Debug|iPhoneSimulator.Build.0 = Debug|Any CPU
		{D1AD2EFF-3FF4-4F7C-B7CB-CA966CF2F73D}.Release|iPhoneSimulator.ActiveCfg = Release|Any CPU
		{D1AD2EFF-3FF4-4F7C-B7CB-CA966CF2F73D}.Release|iPhoneSimulator.Build.0 = Release|Any CPU
		{D1AD2EFF-3FF4-4F7C-B7CB-CA966CF2F73D}.Debug|iPhone.ActiveCfg = Debug|Any CPU
		{D1AD2EFF-3FF4-4F7C-B7CB-CA966CF2F73D}.Debug|iPhone.Build.0 = Debug|Any CPU
		{D1AD2EFF-3FF4-4F7C-B7CB-CA966CF2F73D}.Release|iPhone.ActiveCfg = Release|Any CPU
		{D1AD2EFF-3FF4-4F7C-B7CB-CA966CF2F73D}.Release|iPhone.Build.0 = Release|Any CPU
	EndGlobalSection
	GlobalSection(SolutionProperties) = preSolution
		HideSolutionNode = FALSE
	EndGlobalSection
	GlobalSection(ExtensibilityGlobals) = postSolution
		SolutionGuid = {8A175611-B5BC-4028-A6D7-25DC9A529A10}
	EndGlobalSection
EndGlobal
